<?xml version="1.0" encoding="utf-8"?>
<Project ToolsVersion="4.0" xmlns="http://schemas.microsoft.com/developer/msbuild/2003">
  <ItemGroup>
    <Filter Include="Source Files">
      <UniqueIdentifier>{4FC737F1-C7A5-4376-A066-2A32D752A2FF}</UniqueIdentifier>
      <Extensions>cpp;c;cc;cxx;def;odl;idl;hpj;bat;asm;asmx</Extensions>
    </Filter>
    <Filter Include="Header Files">
      <UniqueIdentifier>{93995380-89BD-4b04-88EB-625FBE52EBFB}</UniqueIdentifier>
      <Extensions>h;hh;hpp;hxx;hm;inl;inc;xsd</Extensions>
    </Filter>
    <Filter Include="Resource Files">
      <UniqueIdentifier>{67DA6AB6-F800-4c08-8B7A-83BB121AAD01}</UniqueIdentifier>
      <Extensions>rc;ico;cur;bmp;dlg;rc2;rct;bin;rgs;gif;jpg;jpeg;jpe;resx;tiff;tif;png;wav;mfcribbon-ms</Extensions>
    </Filter>
  </ItemGroup>
  <ItemGroup>
    <ClInclude Include="BaseWindow.h">
      <Filter>Header Files</Filter>
    </ClInclude>
    <ClInclude Include="com.h">
      <Filter>Header Files</Filter>
    </ClInclude>
    <ClInclude Include="core.h">
      <Filter>Header Files</Filter>
    </ClInclude>
    <ClInclude Include="gdiplus_mem.h">
      <Filter>Header Files</Filter>
    </ClInclude>
    <ClInclude Include="globaldata.h">
      <Filter>Header Files</Filter>
    </ClInclude>
    <ClInclude Include="GraphicsEngine.h">
      <Filter>Header Files</Filter>
    </ClInclude>
    <ClInclude Include="GraphicsInterface.h">
      <Filter>Header Files</Filter>
    </ClInclude>
    <ClInclude Include="hotkey.h">
      <Filter>Header Files</Filter>
    </ClInclude>
    <ClInclude Include="InputEngine.h">
      <Filter>Header Files</Filter>
    </ClInclude>
    <ClInclude Include="iTunesCOMInterface.h">
      <Filter>Header Files</Filter>
    </ClInclude>
    <ClInclude Include="iTunesCtl.h">
      <Filter>Header Files</Filter>
    </ClInclude>
    <ClInclude Include="memcheck.h">
      <Filter>Header Files</Filter>
    </ClInclude>
    <ClInclude Include="node.h">
      <Filter>Header Files</Filter>
    </ClInclude>
    <ClInclude Include="resource.h">
      <Filter>Header Files</Filter>
    </ClInclude>
    <ClInclude Include="searchhandlers.h">
      <Filter>Header Files</Filter>
    </ClInclude>
    <ClInclude Include="settings.h">
      <Filter>Header Files</Filter>
    </ClInclude>
    <ClInclude Include="TEventHandler.h">
      <Filter>Header Files</Filter>
    </ClInclude>
    <ClInclude Include="..\Common\multimon.h">
      <Filter>Header Files</Filter>
    </ClInclude>
    <ClInclude Include="..\Common\pugiconfig.hpp">
      <Filter>Header Files</Filter>
    </ClInclude>
    <ClInclude Include="..\Common\pugixml.hpp">
      <Filter>Header Files</Filter>
    </ClInclude>
  </ItemGroup>
  <ItemGroup>
    <ClCompile Include="BaseWindow.cpp">
      <Filter>Source Files</Filter>
    </ClCompile>
    <ClCompile Include="com.cpp">
      <Filter>Source Files</Filter>
    </ClCompile>
    <ClCompile Include="core.cpp">
      <Filter>Source Files</Filter>
    </ClCompile>
    <ClCompile Include="globaldata.cpp">
      <Filter>Source Files</Filter>
    </ClCompile>
    <ClCompile Include="GraphicsEngine.cpp">
      <Filter>Source Files</Filter>
    </ClCompile>
    <ClCompile Include="GraphicsInterface.cpp">
      <Filter>Source Files</Filter>
    </ClCompile>
    <ClCompile Include="hotkey.cpp">
      <Filter>Source Files</Filter>
    </ClCompile>
    <ClCompile Include="InputEngine.cpp">
      <Filter>Source Files</Filter>
    </ClCompile>
    <ClCompile Include="iTunesCOMInterface_i.c">
      <Filter>Source Files</Filter>
    </ClCompile>
    <ClCompile Include="iTunesCtl.cpp">
      <Filter>Source Files</Filter>
    </ClCompile>
    <ClCompile Include="searchhandlers.cpp">
      <Filter>Source Files</Filter>
    </ClCompile>
    <ClCompile Include="settings.cpp">
      <Filter>Source Files</Filter>
    </ClCompile>
    <ClCompile Include="..\Common\multimon.cpp">
      <Filter>Source Files</Filter>
    </ClCompile>
    <ClCompile Include="..\Common\pugixml.cpp">
      <Filter>Source Files</Filter>
    </ClCompile>
    <ClCompile Include="node.cpp">
      <Filter>Source Files</Filter>
    </ClCompile>
  </ItemGroup>
  <ItemGroup>
    <ResourceCompile Include="iTunesCtl.rc">
      <Filter>Resource Files</Filter>
    </ResourceCompile>
  </ItemGroup>
  <ItemGroup>
    <Image Include="redux.ico">
      <Filter>Resource Files</Filter>
    </Image>
    <Image Include="xicon1.ico">
      <Filter>Resource Files</Filter>
    </Image>
  </ItemGroup>
</Project>